
Microsoft Visual Studio Solution File, Format Version 12.00
# Visual Studio Version 17
VisualStudioVersion = 17.0.31903.59
MinimumVisualStudioVersion = 10.0.40219.1
Project("{2150E333-8FDC-42A3-9474-1A3956D46DE8}") = "BuildingBlocks", "BuildingBlocks", "{38F1FC1B-0AD9-4422-B81F-25E6C1053A35}"
EndProject
Project("{FAE04EC0-301F-11D3-BF4B-00C04F79EFBC}") = "BuildingBlocks.Domain", "BuildingBlocks\BuildingBlocks.Domain\BuildingBlocks.Domain.csproj", "{44033065-9CB2-4369-8C56-0D9547EE7B06}"
EndProject
Project("{FAE04EC0-301F-11D3-BF4B-00C04F79EFBC}") = "BuildingBlocks.Application", "BuildingBlocks\BuildingBlocks.Application\BuildingBlocks.Application.csproj", "{6F08DCAE-A0BB-4367-9CEC-7E6276663966}"
EndProject
Project("{FAE04EC0-301F-11D3-BF4B-00C04F79EFBC}") = "BuildingBlocks.Infrastructure", "BuildingBlocks\BuildingBlocks.Infrastructure\BuildingBlocks.Infrastructure.csproj", "{7624863D-60EA-499B-977C-A39EE0B0F017}"
EndProject
Project("{FAE04EC0-301F-11D3-BF4B-00C04F79EFBC}") = "BuildingBlocks.API", "BuildingBlocks\BuildingBlocks.API\BuildingBlocks.API.csproj", "{D5DF0F93-545E-45E8-9ABE-71CB304235B1}"
EndProject
Global
	GlobalSection(SolutionConfigurationPlatforms) = preSolution
		Debug|Any CPU = Debug|Any CPU
		Release|Any CPU = Release|Any CPU
	EndGlobalSection
	GlobalSection(SolutionProperties) = preSolution
		HideSolutionNode = FALSE
	EndGlobalSection
	GlobalSection(ProjectConfigurationPlatforms) = postSolution
		{44033065-9CB2-4369-8C56-0D9547EE7B06}.Debug|Any CPU.ActiveCfg = Debug|Any CPU
		{44033065-9CB2-4369-8C56-0D9547EE7B06}.Debug|Any CPU.Build.0 = Debug|Any CPU
		{44033065-9CB2-4369-8C56-0D9547EE7B06}.Release|Any CPU.ActiveCfg = Release|Any CPU
		{44033065-9CB2-4369-8C56-0D9547EE7B06}.Release|Any CPU.Build.0 = Release|Any CPU
		{6F08DCAE-A0BB-4367-9CEC-7E6276663966}.Debug|Any CPU.ActiveCfg = Debug|Any CPU
		{6F08DCAE-A0BB-4367-9CEC-7E6276663966}.Debug|Any CPU.Build.0 = Debug|Any CPU
		{6F08DCAE-A0BB-4367-9CEC-7E6276663966}.Release|Any CPU.ActiveCfg = Release|Any CPU
		{6F08DCAE-A0BB-4367-9CEC-7E6276663966}.Release|Any CPU.Build.0 = Release|Any CPU
		{7624863D-60EA-499B-977C-A39EE0B0F017}.Debug|Any CPU.ActiveCfg = Debug|Any CPU
		{7624863D-60EA-499B-977C-A39EE0B0F017}.Debug|Any CPU.Build.0 = Debug|Any CPU
		{7624863D-60EA-499B-977C-A39EE0B0F017}.Release|Any CPU.ActiveCfg = Release|Any CPU
		{7624863D-60EA-499B-977C-A39EE0B0F017}.Release|Any CPU.Build.0 = Release|Any CPU
		{D5DF0F93-545E-45E8-9ABE-71CB304235B1}.Debug|Any CPU.ActiveCfg = Debug|Any CPU
		{D5DF0F93-545E-45E8-9ABE-71CB304235B1}.Debug|Any CPU.Build.0 = Debug|Any CPU
		{D5DF0F93-545E-45E8-9ABE-71CB304235B1}.Release|Any CPU.ActiveCfg = Release|Any CPU
		{D5DF0F93-545E-45E8-9ABE-71CB304235B1}.Release|Any CPU.Build.0 = Release|Any CPU
	EndGlobalSection
	GlobalSection(NestedProjects) = preSolution
		{44033065-9CB2-4369-8C56-0D9547EE7B06} = {38F1FC1B-0AD9-4422-B81F-25E6C1053A35}
		{6F08DCAE-A0BB-4367-9CEC-7E6276663966} = {38F1FC1B-0AD9-4422-B81F-25E6C1053A35}
		{7624863D-60EA-499B-977C-A39EE0B0F017} = {38F1FC1B-0AD9-4422-B81F-25E6C1053A35}
		{D5DF0F93-545E-45E8-9ABE-71CB304235B1} = {38F1FC1B-0AD9-4422-B81F-25E6C1053A35}
	EndGlobalSection
EndGlobal
