
Microsoft Visual Studio Solution File, Format Version 12.00
# Visual Studio Version 17
VisualStudioVersion = 17.0.31903.59
MinimumVisualStudioVersion = 10.0.40219.1
Project("{2150E333-8FDC-42A3-9474-1A3956D46DE8}") = "src", "src", "{8BC9CEB8-8B4A-11D0-8D11-00A0C91BC942}"
EndProject
Project("{FAE04EC0-301F-11D3-BF4B-00C04F79EFBC}") = "HakuService.Domain", "src\HakuService.Domain\HakuService.Domain.csproj", "{1A2B3C4D-5E6F-7G8H-9I0J-1K2L3M4N5O6P}"
EndProject
Project("{FAE04EC0-301F-11D3-BF4B-00C04F79EFBC}") = "HakuService.Application", "src\HakuService.Application\HakuService.Application.csproj", "{2A3B4C5D-6E7F-8G9H-0I1J-2K3L4M5N6O7P}"
EndProject
Project("{FAE04EC0-301F-11D3-BF4B-00C04F79EFBC}") = "HakuService.Infrastructure", "src\HakuService.Infrastructure\HakuService.Infrastructure.csproj", "{3A4B5C6D-7E8F-9G0H-1I2J-3K4L5M6N7O8P}"
EndProject
Project("{FAE04EC0-301F-11D3-BF4B-00C04F79EFBC}") = "HakuService.API", "src\HakuService.API\HakuService.API.csproj", "{4A5B6C7D-8E9F-0G1H-2I3J-4K5L6M7N8O9P}"
EndProject
Global
	GlobalSection(SolutionConfigurationPlatforms) = preSolution
		Debug|Any CPU = Debug|Any CPU
		Release|Any CPU = Release|Any CPU
	EndGlobalSection
	GlobalSection(ProjectConfigurationPlatforms) = postSolution
		{1A2B3C4D-5E6F-7G8H-9I0J-1K2L3M4N5O6P}.Debug|Any CPU.ActiveCfg = Debug|Any CPU
		{1A2B3C4D-5E6F-7G8H-9I0J-1K2L3M4N5O6P}.Debug|Any CPU.Build.0 = Debug|Any CPU
		{1A2B3C4D-5E6F-7G8H-9I0J-1K2L3M4N5O6P}.Release|Any CPU.ActiveCfg = Release|Any CPU
		{1A2B3C4D-5E6F-7G8H-9I0J-1K2L3M4N5O6P}.Release|Any CPU.Build.0 = Release|Any CPU
		{2A3B4C5D-6E7F-8G9H-0I1J-2K3L4M5N6O7P}.Debug|Any CPU.ActiveCfg = Debug|Any CPU
		{2A3B4C5D-6E7F-8G9H-0I1J-2K3L4M5N6O7P}.Debug|Any CPU.Build.0 = Debug|Any CPU
		{2A3B4C5D-6E7F-8G9H-0I1J-2K3L4M5N6O7P}.Release|Any CPU.ActiveCfg = Release|Any CPU
		{2A3B4C5D-6E7F-8G9H-0I1J-2K3L4M5N6O7P}.Release|Any CPU.Build.0 = Release|Any CPU
		{3A4B5C6D-7E8F-9G0H-1I2J-3K4L5M6N7O8P}.Debug|Any CPU.ActiveCfg = Debug|Any CPU
		{3A4B5C6D-7E8F-9G0H-1I2J-3K4L5M6N7O8P}.Debug|Any CPU.Build.0 = Debug|Any CPU
		{3A4B5C6D-7E8F-9G0H-1I2J-3K4L5M6N7O8P}.Release|Any CPU.ActiveCfg = Release|Any CPU
		{3A4B5C6D-7E8F-9G0H-1I2J-3K4L5M6N7O8P}.Release|Any CPU.Build.0 = Release|Any CPU
		{4A5B6C7D-8E9F-0G1H-2I3J-4K5L6M7N8O9P}.Debug|Any CPU.ActiveCfg = Debug|Any CPU
		{4A5B6C7D-8E9F-0G1H-2I3J-4K5L6M7N8O9P}.Debug|Any CPU.Build.0 = Debug|Any CPU
		{4A5B6C7D-8E9F-0G1H-2I3J-4K5L6M7N8O9P}.Release|Any CPU.ActiveCfg = Release|Any CPU
		{4A5B6C7D-8E9F-0G1H-2I3J-4K5L6M7N8O9P}.Release|Any CPU.Build.0 = Release|Any CPU
	EndGlobalSection
	GlobalSection(NestedProjects) = preSolution
		{1A2B3C4D-5E6F-7G8H-9I0J-1K2L3M4N5O6P} = {8BC9CEB8-8B4A-11D0-8D11-00A0C91BC942}
		{2A3B4C5D-6E7F-8G9H-0I1J-2K3L4M5N6O7P} = {8BC9CEB8-8B4A-11D0-8D11-00A0C91BC942}
		{3A4B5C6D-7E8F-9G0H-1I2J-3K4L5M6N7O8P} = {8BC9CEB8-8B4A-11D0-8D11-00A0C91BC942}
		{4A5B6C7D-8E9F-0G1H-2I3J-4K5L6M7N8O9P} = {8BC9CEB8-8B4A-11D0-8D11-00A0C91BC942}
	EndGlobalSection
EndGlobal

